
Microsoft Visual Studio Solution File, Format Version 12.00
# Visual Studio Version 17
VisualStudioVersion = 17.1.32328.378
MinimumVisualStudioVersion = 10.0.40219.1
Project("{FAE04EC0-301F-11D3-BF4B-00C04F79EFBC}") = "EmpWageComputationUsingMethods", "EmpWageComputationUsingMethods\EmpWageComputationUsingMethods.csproj", "{87CD05C0-B840-4488-9DFC-31DC52C03AFB}"
EndProject
Global
	GlobalSection(SolutionConfigurationPlatforms) = preSolution
		Debug|Any CPU = Debug|Any CPU
		Release|Any CPU = Release|Any CPU
	EndGlobalSection
	GlobalSection(ProjectConfigurationPlatforms) = postSolution
		{87CD05C0-B840-4488-9DFC-31DC52C03AFB}.Debug|Any CPU.ActiveCfg = Debug|Any CPU
		{87CD05C0-B840-4488-9DFC-31DC52C03AFB}.Debug|Any CPU.Build.0 = Debug|Any CPU
		{87CD05C0-B840-4488-9DFC-31DC52C03AFB}.Release|Any CPU.ActiveCfg = Release|Any CPU
		{87CD05C0-B840-4488-9DFC-31DC52C03AFB}.Release|Any CPU.Build.0 = Release|Any CPU
	EndGlobalSection
	GlobalSection(SolutionProperties) = preSolution
		HideSolutionNode = FALSE
	EndGlobalSection
	GlobalSection(ExtensibilityGlobals) = postSolution
		SolutionGuid = {0CD1C3B6-E73A-4800-906A-2D32CDFFFB6F}
	EndGlobalSection
EndGlobal
